// !$*UTF8*$!
{
	archiveVersion = 1;
	classes = {
	};
	objectVersion = 56;
	objects = {

/* Begin PBXBuildFile section */
		423EBEFC2B7A36F0000CFA3B /* DynamicIslandDemoProjectApp.swift in Sources */ = {isa = PBXBuildFile; fileRef = 423EBEFB2B7A36F0000CFA3B /* DynamicIslandDemoProjectApp.swift */; };
		423EBEFE2B7A36F0000CFA3B /* ContentView.swift in Sources */ = {isa = PBXBuildFile; fileRef = 423EBEFD2B7A36F0000CFA3B /* ContentView.swift */; };
		423EBF002B7A36F2000CFA3B /* Assets.xcassets in Resources */ = {isa = PBXBuildFile; fileRef = 423EBEFF2B7A36F2000CFA3B /* Assets.xcassets */; };
		423EBF032B7A36F2000CFA3B /* Preview Assets.xcassets in Resources */ = {isa = PBXBuildFile; fileRef = 423EBF022B7A36F2000CFA3B /* Preview Assets.xcassets */; };
		423EBF0A2B7A373F000CFA3B /* LiveActivityManager.swift in Sources */ = {isa = PBXBuildFile; fileRef = 423EBF092B7A373F000CFA3B /* LiveActivityManager.swift */; };
		423EBF0C2B7A379C000CFA3B /* FootDeliveryAttributes.swift in Sources */ = {isa = PBXBuildFile; fileRef = 423EBF0B2B7A379C000CFA3B /* FootDeliveryAttributes.swift */; };
		423EBF0E2B7A37DA000CFA3B /* UserDeafultsManager.swift in Sources */ = {isa = PBXBuildFile; fileRef = 423EBF0D2B7A37DA000CFA3B /* UserDeafultsManager.swift */; };
		423EBF102B7A37F6000CFA3B /* Constants.swift in Sources */ = {isa = PBXBuildFile; fileRef = 423EBF0F2B7A37F6000CFA3B /* Constants.swift */; };
		42F552AD2B7B36F800088E6A /* WidgetKit.framework in Frameworks */ = {isa = PBXBuildFile; fileRef = 42F552AC2B7B36F800088E6A /* WidgetKit.framework */; };
		42F552AF2B7B36F800088E6A /* SwiftUI.framework in Frameworks */ = {isa = PBXBuildFile; fileRef = 42F552AE2B7B36F800088E6A /* SwiftUI.framework */; };
		42F552B22B7B36F800088E6A /* FoodDeliveryActivityWidgetBundle.swift in Sources */ = {isa = PBXBuildFile; fileRef = 42F552B12B7B36F800088E6A /* FoodDeliveryActivityWidgetBundle.swift */; };
		42F552B42B7B36F800088E6A /* FoodDeliveryActivityWidget.swift in Sources */ = {isa = PBXBuildFile; fileRef = 42F552B32B7B36F800088E6A /* FoodDeliveryActivityWidget.swift */; };
		42F552B62B7B36FB00088E6A /* Assets.xcassets in Resources */ = {isa = PBXBuildFile; fileRef = 42F552B52B7B36FA00088E6A /* Assets.xcassets */; };
		42F552BA2B7B36FB00088E6A /* FoodDeliveryActivityWidgetExtension.appex in Embed Foundation Extensions */ = {isa = PBXBuildFile; fileRef = 42F552AA2B7B36F800088E6A /* FoodDeliveryActivityWidgetExtension.appex */; settings = {ATTRIBUTES = (RemoveHeadersOnCopy, ); }; };
		42F552BF2B7B380C00088E6A /* FootDeliveryAttributes.swift in Sources */ = {isa = PBXBuildFile; fileRef = 423EBF0B2B7A379C000CFA3B /* FootDeliveryAttributes.swift */; };
/* End PBXBuildFile section */

/* Begin PBXContainerItemProxy section */
		42F552B82B7B36FB00088E6A /* PBXContainerItemProxy */ = {
			isa = PBXContainerItemProxy;
			containerPortal = 423EBEF02B7A36F0000CFA3B /* Project object */;
			proxyType = 1;
			remoteGlobalIDString = 42F552A92B7B36F800088E6A;
			remoteInfo = FoodDeliveryActivityWidgetExtension;
		};
/* End PBXContainerItemProxy section */

/* Begin PBXCopyFilesBuildPhase section */
		42F552BB2B7B36FB00088E6A /* Embed Foundation Extensions */ = {
			isa = PBXCopyFilesBuildPhase;
			buildActionMask = 2147483647;
			dstPath = "";
			dstSubfolderSpec = 13;
			files = (
				42F552BA2B7B36FB00088E6A /* FoodDeliveryActivityWidgetExtension.appex in Embed Foundation Extensions */,
			);
			name = "Embed Foundation Extensions";
			runOnlyForDeploymentPostprocessing = 0;
		};
/* End PBXCopyFilesBuildPhase section */

/* Begin PBXFileReference section */
		423EBEF82B7A36F0000CFA3B /* DynamicIslandDemoProject.app */ = {isa = PBXFileReference; explicitFileType = wrapper.application; includeInIndex = 0; path = DynamicIslandDemoProject.app; sourceTree = BUILT_PRODUCTS_DIR; };
		423EBEFB2B7A36F0000CFA3B /* DynamicIslandDemoProjectApp.swift */ = {isa = PBXFileReference; lastKnownFileType = sourcecode.swift; path = DynamicIslandDemoProjectApp.swift; sourceTree = "<group>"; };
		423EBEFD2B7A36F0000CFA3B /* ContentView.swift */ = {isa = PBXFileReference; lastKnownFileType = sourcecode.swift; path = ContentView.swift; sourceTree = "<group>"; };
		423EBEFF2B7A36F2000CFA3B /* Assets.xcassets */ = {isa = PBXFileReference; lastKnownFileType = folder.assetcatalog; path = Assets.xcassets; sourceTree = "<group>"; };
		423EBF022B7A36F2000CFA3B /* Preview Assets.xcassets */ = {isa = PBXFileReference; lastKnownFileType = folder.assetcatalog; path = "Preview Assets.xcassets"; sourceTree = "<group>"; };
		423EBF092B7A373F000CFA3B /* LiveActivityManager.swift */ = {isa = PBXFileReference; lastKnownFileType = sourcecode.swift; path = LiveActivityManager.swift; sourceTree = "<group>"; };
		423EBF0B2B7A379C000CFA3B /* FootDeliveryAttributes.swift */ = {isa = PBXFileReference; lastKnownFileType = sourcecode.swift; path = FootDeliveryAttributes.swift; sourceTree = "<group>"; };
		423EBF0D2B7A37DA000CFA3B /* UserDeafultsManager.swift */ = {isa = PBXFileReference; lastKnownFileType = sourcecode.swift; path = UserDeafultsManager.swift; sourceTree = "<group>"; };
		423EBF0F2B7A37F6000CFA3B /* Constants.swift */ = {isa = PBXFileReference; lastKnownFileType = sourcecode.swift; path = Constants.swift; sourceTree = "<group>"; };
		42F552AA2B7B36F800088E6A /* FoodDeliveryActivityWidgetExtension.appex */ = {isa = PBXFileReference; explicitFileType = "wrapper.app-extension"; includeInIndex = 0; path = FoodDeliveryActivityWidgetExtension.appex; sourceTree = BUILT_PRODUCTS_DIR; };
		42F552AC2B7B36F800088E6A /* WidgetKit.framework */ = {isa = PBXFileReference; lastKnownFileType = wrapper.framework; name = WidgetKit.framework; path = System/Library/Frameworks/WidgetKit.framework; sourceTree = SDKROOT; };
		42F552AE2B7B36F800088E6A /* SwiftUI.framework */ = {isa = PBXFileReference; lastKnownFileType = wrapper.framework; name = SwiftUI.framework; path = System/Library/Frameworks/SwiftUI.framework; sourceTree = SDKROOT; };
		42F552B12B7B36F800088E6A /* FoodDeliveryActivityWidgetBundle.swift */ = {isa = PBXFileReference; lastKnownFileType = sourcecode.swift; path = FoodDeliveryActivityWidgetBundle.swift; sourceTree = "<group>"; };
		42F552B32B7B36F800088E6A /* FoodDeliveryActivityWidget.swift */ = {isa = PBXFileReference; lastKnownFileType = sourcecode.swift; path = FoodDeliveryActivityWidget.swift; sourceTree = "<group>"; };
		42F552B52B7B36FA00088E6A /* Assets.xcassets */ = {isa = PBXFileReference; lastKnownFileType = folder.assetcatalog; path = Assets.xcassets; sourceTree = "<group>"; };
		42F552B72B7B36FB00088E6A /* Info.plist */ = {isa = PBXFileReference; lastKnownFileType = text.plist.xml; path = Info.plist; sourceTree = "<group>"; };
/* End PBXFileReference section */

/* Begin PBXFrameworksBuildPhase section */
		423EBEF52B7A36F0000CFA3B /* Frameworks */ = {
			isa = PBXFrameworksBuildPhase;
			buildActionMask = 2147483647;
			files = (
			);
			runOnlyForDeploymentPostprocessing = 0;
		};
		42F552A72B7B36F800088E6A /* Frameworks */ = {
			isa = PBXFrameworksBuildPhase;
			buildActionMask = 2147483647;
			files = (
				42F552AF2B7B36F800088E6A /* SwiftUI.framework in Frameworks */,
				42F552AD2B7B36F800088E6A /* WidgetKit.framework in Frameworks */,
			);
			runOnlyForDeploymentPostprocessing = 0;
		};
/* End PBXFrameworksBuildPhase section */

/* Begin PBXGroup section */
		423EBEEF2B7A36F0000CFA3B = {
			isa = PBXGroup;
			children = (
				423EBEFA2B7A36F0000CFA3B /* DynamicIslandDemoProject */,
				42F552B02B7B36F800088E6A /* FoodDeliveryActivityWidget */,
				42F552AB2B7B36F800088E6A /* Frameworks */,
				423EBEF92B7A36F0000CFA3B /* Products */,
			);
			sourceTree = "<group>";
		};
		423EBEF92B7A36F0000CFA3B /* Products */ = {
			isa = PBXGroup;
			children = (
				423EBEF82B7A36F0000CFA3B /* DynamicIslandDemoProject.app */,
				42F552AA2B7B36F800088E6A /* FoodDeliveryActivityWidgetExtension.appex */,
			);
			name = Products;
			sourceTree = "<group>";
		};
		423EBEFA2B7A36F0000CFA3B /* DynamicIslandDemoProject */ = {
			isa = PBXGroup;
			children = (
				423EBEFB2B7A36F0000CFA3B /* DynamicIslandDemoProjectApp.swift */,
				423EBEFD2B7A36F0000CFA3B /* ContentView.swift */,
				423EBF092B7A373F000CFA3B /* LiveActivityManager.swift */,
				423EBF0D2B7A37DA000CFA3B /* UserDeafultsManager.swift */,
				423EBF0B2B7A379C000CFA3B /* FootDeliveryAttributes.swift */,
				423EBF0F2B7A37F6000CFA3B /* Constants.swift */,
				423EBEFF2B7A36F2000CFA3B /* Assets.xcassets */,
				423EBF012B7A36F2000CFA3B /* Preview Content */,
			);
			path = DynamicIslandDemoProject;
			sourceTree = "<group>";
		};
		423EBF012B7A36F2000CFA3B /* Preview Content */ = {
			isa = PBXGroup;
			children = (
				423EBF022B7A36F2000CFA3B /* Preview Assets.xcassets */,
			);
			path = "Preview Content";
			sourceTree = "<group>";
		};
		42F552AB2B7B36F800088E6A /* Frameworks */ = {
			isa = PBXGroup;
			children = (
				42F552AC2B7B36F800088E6A /* WidgetKit.framework */,
				42F552AE2B7B36F800088E6A /* SwiftUI.framework */,
			);
			name = Frameworks;
			sourceTree = "<group>";
		};
		42F552B02B7B36F800088E6A /* FoodDeliveryActivityWidget */ = {
			isa = PBXGroup;
			children = (
				42F552B12B7B36F800088E6A /* FoodDeliveryActivityWidgetBundle.swift */,
				42F552B32B7B36F800088E6A /* FoodDeliveryActivityWidget.swift */,
				42F552B52B7B36FA00088E6A /* Assets.xcassets */,
				42F552B72B7B36FB00088E6A /* Info.plist */,
			);
			path = FoodDeliveryActivityWidget;
			sourceTree = "<group>";
		};
/* End PBXGroup section */

/* Begin PBXNativeTarget section */
		423EBEF72B7A36F0000CFA3B /* DynamicIslandDemoProject */ = {
			isa = PBXNativeTarget;
			buildConfigurationList = 423EBF062B7A36F2000CFA3B /* Build configuration list for PBXNativeTarget "DynamicIslandDemoProject" */;
			buildPhases = (
				423EBEF42B7A36F0000CFA3B /* Sources */,
				423EBEF52B7A36F0000CFA3B /* Frameworks */,
				423EBEF62B7A36F0000CFA3B /* Resources */,
				42F552BB2B7B36FB00088E6A /* Embed Foundation Extensions */,
			);
			buildRules = (
			);
			dependencies = (
				42F552B92B7B36FB00088E6A /* PBXTargetDependency */,
			);
			name = DynamicIslandDemoProject;
			productName = DynamicIslandDemoProject;
			productReference = 423EBEF82B7A36F0000CFA3B /* DynamicIslandDemoProject.app */;
			productType = "com.apple.product-type.application";
		};
		42F552A92B7B36F800088E6A /* FoodDeliveryActivityWidgetExtension */ = {
			isa = PBXNativeTarget;
			buildConfigurationList = 42F552BE2B7B36FB00088E6A /* Build configuration list for PBXNativeTarget "FoodDeliveryActivityWidgetExtension" */;
			buildPhases = (
				42F552A62B7B36F800088E6A /* Sources */,
				42F552A72B7B36F800088E6A /* Frameworks */,
				42F552A82B7B36F800088E6A /* Resources */,
			);
			buildRules = (
			);
			dependencies = (
			);
			name = FoodDeliveryActivityWidgetExtension;
			productName = FoodDeliveryActivityWidgetExtension;
			productReference = 42F552AA2B7B36F800088E6A /* FoodDeliveryActivityWidgetExtension.appex */;
			productType = "com.apple.product-type.app-extension";
		};
/* End PBXNativeTarget section */

/* Begin PBXProject section */
		423EBEF02B7A36F0000CFA3B /* Project object */ = {
			isa = PBXProject;
			attributes = {
				BuildIndependentTargetsInParallel = 1;
				LastSwiftUpdateCheck = 1520;
				LastUpgradeCheck = 1520;
				TargetAttributes = {
					423EBEF72B7A36F0000CFA3B = {
						CreatedOnToolsVersion = 15.2;
					};
					42F552A92B7B36F800088E6A = {
						CreatedOnToolsVersion = 15.2;
					};
				};
			};
			buildConfigurationList = 423EBEF32B7A36F0000CFA3B /* Build configuration list for PBXProject "DynamicIslandDemoProject" */;
			compatibilityVersion = "Xcode 14.0";
			developmentRegion = en;
			hasScannedForEncodings = 0;
			knownRegions = (
				en,
				Base,
			);
			mainGroup = 423EBEEF2B7A36F0000CFA3B;
			productRefGroup = 423EBEF92B7A36F0000CFA3B /* Products */;
			projectDirPath = "";
			projectRoot = "";
			targets = (
				423EBEF72B7A36F0000CFA3B /* DynamicIslandDemoProject */,
				42F552A92B7B36F800088E6A /* FoodDeliveryActivityWidgetExtension */,
			);
		};
/* End PBXProject section */

/* Begin PBXResourcesBuildPhase section */
		423EBEF62B7A36F0000CFA3B /* Resources */ = {
			isa = PBXResourcesBuildPhase;
			buildActionMask = 2147483647;
			files = (
				423EBF032B7A36F2000CFA3B /* Preview Assets.xcassets in Resources */,
				423EBF002B7A36F2000CFA3B /* Assets.xcassets in Resources */,
			);
			runOnlyForDeploymentPostprocessing = 0;
		};
		42F552A82B7B36F800088E6A /* Resources */ = {
			isa = PBXResourcesBuildPhase;
			buildActionMask = 2147483647;
			files = (
				42F552B62B7B36FB00088E6A /* Assets.xcassets in Resources */,
			);
			runOnlyForDeploymentPostprocessing = 0;
		};
/* End PBXResourcesBuildPhase section */

/* Begin PBXSourcesBuildPhase section */
		423EBEF42B7A36F0000CFA3B /* Sources */ = {
			isa = PBXSourcesBuildPhase;
			buildActionMask = 2147483647;
			files = (
				423EBEFE2B7A36F0000CFA3B /* ContentView.swift in Sources */,
				423EBEFC2B7A36F0000CFA3B /* DynamicIslandDemoProjectApp.swift in Sources */,
				423EBF0C2B7A379C000CFA3B /* FootDeliveryAttributes.swift in Sources */,
				423EBF0A2B7A373F000CFA3B /* LiveActivityManager.swift in Sources */,
				423EBF0E2B7A37DA000CFA3B /* UserDeafultsManager.swift in Sources */,
				423EBF102B7A37F6000CFA3B /* Constants.swift in Sources */,
			);
			runOnlyForDeploymentPostprocessing = 0;
		};
		42F552A62B7B36F800088E6A /* Sources */ = {
			isa = PBXSourcesBuildPhase;
			buildActionMask = 2147483647;
			files = (
				42F552BF2B7B380C00088E6A /* FootDeliveryAttributes.swift in Sources */,
				42F552B42B7B36F800088E6A /* FoodDeliveryActivityWidget.swift in Sources */,
				42F552B22B7B36F800088E6A /* FoodDeliveryActivityWidgetBundle.swift in Sources */,
			);
			runOnlyForDeploymentPostprocessing = 0;
		};
/* End PBXSourcesBuildPhase section */

/* Begin PBXTargetDependency section */
		42F552B92B7B36FB00088E6A /* PBXTargetDependency */ = {
			isa = PBXTargetDependency;
			target = 42F552A92B7B36F800088E6A /* FoodDeliveryActivityWidgetExtension */;
			targetProxy = 42F552B82B7B36FB00088E6A /* PBXContainerItemProxy */;
		};
/* End PBXTargetDependency section */

/* Begin XCBuildConfiguration section */
		423EBF042B7A36F2000CFA3B /* Debug */ = {
			isa = XCBuildConfiguration;
			buildSettings = {
				ALWAYS_SEARCH_USER_PATHS = NO;
				ASSETCATALOG_COMPILER_GENERATE_SWIFT_ASSET_SYMBOL_EXTENSIONS = YES;
				CLANG_ANALYZER_NONNULL = YES;
				CLANG_ANALYZER_NUMBER_OBJECT_CONVERSION = YES_AGGRESSIVE;
				CLANG_CXX_LANGUAGE_STANDARD = "gnu++20";
				CLANG_ENABLE_MODULES = YES;
				CLANG_ENABLE_OBJC_ARC = YES;
				CLANG_ENABLE_OBJC_WEAK = YES;
				CLANG_WARN_BLOCK_CAPTURE_AUTORELEASING = YES;
				CLANG_WARN_BOOL_CONVERSION = YES;
				CLANG_WARN_COMMA = YES;
				CLANG_WARN_CONSTANT_CONVERSION = YES;
				CLANG_WARN_DEPRECATED_OBJC_IMPLEMENTATIONS = YES;
				CLANG_WARN_DIRECT_OBJC_ISA_USAGE = YES_ERROR;
				CLANG_WARN_DOCUMENTATION_COMMENTS = YES;
				CLANG_WARN_EMPTY_BODY = YES;
				CLANG_WARN_ENUM_CONVERSION = YES;
				CLANG_WARN_INFINITE_RECURSION = YES;
				CLANG_WARN_INT_CONVERSION = YES;
				CLANG_WARN_NON_LITERAL_NULL_CONVERSION = YES;
				CLANG_WARN_OBJC_IMPLICIT_RETAIN_SELF = YES;
				CLANG_WARN_OBJC_LITERAL_CONVERSION = YES;
				CLANG_WARN_OBJC_ROOT_CLASS = YES_ERROR;
				CLANG_WARN_QUOTED_INCLUDE_IN_FRAMEWORK_HEADER = YES;
				CLANG_WARN_RANGE_LOOP_ANALYSIS = YES;
				CLANG_WARN_STRICT_PROTOTYPES = YES;
				CLANG_WARN_SUSPICIOUS_MOVE = YES;
				CLANG_WARN_UNGUARDED_AVAILABILITY = YES_AGGRESSIVE;
				CLANG_WARN_UNREACHABLE_CODE = YES;
				CLANG_WARN__DUPLICATE_METHOD_MATCH = YES;
				COPY_PHASE_STRIP = NO;
				DEBUG_INFORMATION_FORMAT = dwarf;
				ENABLE_STRICT_OBJC_MSGSEND = YES;
				ENABLE_TESTABILITY = YES;
				ENABLE_USER_SCRIPT_SANDBOXING = YES;
				GCC_C_LANGUAGE_STANDARD = gnu17;
				GCC_DYNAMIC_NO_PIC = NO;
				GCC_NO_COMMON_BLOCKS = YES;
				GCC_OPTIMIZATION_LEVEL = 0;
				GCC_PREPROCESSOR_DEFINITIONS = (
					"DEBUG=1",
					"$(inherited)",
				);
				GCC_WARN_64_TO_32_BIT_CONVERSION = YES;
				GCC_WARN_ABOUT_RETURN_TYPE = YES_ERROR;
				GCC_WARN_UNDECLARED_SELECTOR = YES;
				GCC_WARN_UNINITIALIZED_AUTOS = YES_AGGRESSIVE;
				GCC_WARN_UNUSED_FUNCTION = YES;
				GCC_WARN_UNUSED_VARIABLE = YES;
				IPHONEOS_DEPLOYMENT_TARGET = 17.2;
				LOCALIZATION_PREFERS_STRING_CATALOGS = YES;
				MTL_ENABLE_DEBUG_INFO = INCLUDE_SOURCE;
				MTL_FAST_MATH = YES;
				ONLY_ACTIVE_ARCH = YES;
				SDKROOT = iphoneos;
				SWIFT_ACTIVE_COMPILATION_CONDITIONS = "DEBUG $(inherited)";
				SWIFT_OPTIMIZATION_LEVEL = "-Onone";
			};
			name = Debug;
		};
		423EBF052B7A36F2000CFA3B /* Release */ = {
			isa = XCBuildConfiguration;
			buildSettings = {
				ALWAYS_SEARCH_USER_PATHS = NO;
				ASSETCATALOG_COMPILER_GENERATE_SWIFT_ASSET_SYMBOL_EXTENSIONS = YES;
				CLANG_ANALYZER_NONNULL = YES;
				CLANG_ANALYZER_NUMBER_OBJECT_CONVERSION = YES_AGGRESSIVE;
				CLANG_CXX_LANGUAGE_STANDARD = "gnu++20";
				CLANG_ENABLE_MODULES = YES;
				CLANG_ENABLE_OBJC_ARC = YES;
				CLANG_ENABLE_OBJC_WEAK = YES;
				CLANG_WARN_BLOCK_CAPTURE_AUTORELEASING = YES;
				CLANG_WARN_BOOL_CONVERSION = YES;
				CLANG_WARN_COMMA = YES;
				CLANG_WARN_CONSTANT_CONVERSION = YES;
				CLANG_WARN_DEPRECATED_OBJC_IMPLEMENTATIONS = YES;
				CLANG_WARN_DIRECT_OBJC_ISA_USAGE = YES_ERROR;
				CLANG_WARN_DOCUMENTATION_COMMENTS = YES;
				CLANG_WARN_EMPTY_BODY = YES;
				CLANG_WARN_ENUM_CONVERSION = YES;
				CLANG_WARN_INFINITE_RECURSION = YES;
				CLANG_WARN_INT_CONVERSION = YES;
				CLANG_WARN_NON_LITERAL_NULL_CONVERSION = YES;
				CLANG_WARN_OBJC_IMPLICIT_RETAIN_SELF = YES;
				CLANG_WARN_OBJC_LITERAL_CONVERSION = YES;
				CLANG_WARN_OBJC_ROOT_CLASS = YES_ERROR;
				CLANG_WARN_QUOTED_INCLUDE_IN_FRAMEWORK_HEADER = YES;
				CLANG_WARN_RANGE_LOOP_ANALYSIS = YES;
				CLANG_WARN_STRICT_PROTOTYPES = YES;
				CLANG_WARN_SUSPICIOUS_MOVE = YES;
				CLANG_WARN_UNGUARDED_AVAILABILITY = YES_AGGRESSIVE;
				CLANG_WARN_UNREACHABLE_CODE = YES;
				CLANG_WARN__DUPLICATE_METHOD_MATCH = YES;
				COPY_PHASE_STRIP = NO;
				DEBUG_INFORMATION_FORMAT = "dwarf-with-dsym";
				ENABLE_NS_ASSERTIONS = NO;
				ENABLE_STRICT_OBJC_MSGSEND = YES;
				ENABLE_USER_SCRIPT_SANDBOXING = YES;
				GCC_C_LANGUAGE_STANDARD = gnu17;
				GCC_NO_COMMON_BLOCKS = YES;
				GCC_WARN_64_TO_32_BIT_CONVERSION = YES;
				GCC_WARN_ABOUT_RETURN_TYPE = YES_ERROR;
				GCC_WARN_UNDECLARED_SELECTOR = YES;
				GCC_WARN_UNINITIALIZED_AUTOS = YES_AGGRESSIVE;
				GCC_WARN_UNUSED_FUNCTION = YES;
				GCC_WARN_UNUSED_VARIABLE = YES;
				IPHONEOS_DEPLOYMENT_TARGET = 17.2;
				LOCALIZATION_PREFERS_STRING_CATALOGS = YES;
				MTL_ENABLE_DEBUG_INFO = NO;
				MTL_FAST_MATH = YES;
				SDKROOT = iphoneos;
				SWIFT_COMPILATION_MODE = wholemodule;
				VALIDATE_PRODUCT = YES;
			};
			name = Release;
		};
		423EBF072B7A36F2000CFA3B /* Debug */ = {
			isa = XCBuildConfiguration;
			buildSettings = {
				ALWAYS_EMBED_SWIFT_STANDARD_LIBRARIES = YES;
				ASSETCATALOG_COMPILER_APPICON_NAME = AppIcon;
				ASSETCATALOG_COMPILER_GLOBAL_ACCENT_COLOR_NAME = AccentColor;
				CODE_SIGN_STYLE = Automatic;
				CURRENT_PROJECT_VERSION = 1;
				DEVELOPMENT_ASSET_PATHS = "\"DynamicIslandDemoProject/Preview Content\"";
				DEVELOPMENT_TEAM = FTL4TL2Q7Y;
				ENABLE_PREVIEWS = YES;
				GENERATE_INFOPLIST_FILE = YES;
				INFOPLIST_KEY_NSSupportsLiveActivities = YES;
				INFOPLIST_KEY_UIApplicationSceneManifest_Generation = YES;
				INFOPLIST_KEY_UIApplicationSupportsIndirectInputEvents = YES;
				INFOPLIST_KEY_UILaunchScreen_Generation = YES;
				INFOPLIST_KEY_UISupportedInterfaceOrientations_iPad = "UIInterfaceOrientationPortrait UIInterfaceOrientationPortraitUpsideDown UIInterfaceOrientationLandscapeLeft UIInterfaceOrientationLandscapeRight";
				INFOPLIST_KEY_UISupportedInterfaceOrientations_iPhone = "UIInterfaceOrientationPortrait UIInterfaceOrientationLandscapeLeft UIInterfaceOrientationLandscapeRight";
				LD_RUNPATH_SEARCH_PATHS = (
					"$(inherited)",
					"@executable_path/Frameworks",
				);
				MARKETING_VERSION = 1.0;
				PRODUCT_BUNDLE_IDENTIFIER = com.asadbek.DynamicIslandDemoProject;
				PRODUCT_NAME = "$(TARGET_NAME)";
				SWIFT_EMIT_LOC_STRINGS = YES;
				SWIFT_VERSION = 5.0;
				TARGETED_DEVICE_FAMILY = "1,2";
			};
			name = Debug;
		};
		423EBF082B7A36F2000CFA3B /* Release */ = {
			isa = XCBuildConfiguration;
			buildSettings = {
				ALWAYS_EMBED_SWIFT_STANDARD_LIBRARIES = YES;
				ASSETCATALOG_COMPILER_APPICON_NAME = AppIcon;
				ASSETCATALOG_COMPILER_GLOBAL_ACCENT_COLOR_NAME = AccentColor;
				CODE_SIGN_STYLE = Automatic;
				CURRENT_PROJECT_VERSION = 1;
				DEVELOPMENT_ASSET_PATHS = "\"DynamicIslandDemoProject/Preview Content\"";
				DEVELOPMENT_TEAM = FTL4TL2Q7Y;
				ENABLE_PREVIEWS = YES;
				GENERATE_INFOPLIST_FILE = YES;
				INFOPLIST_KEY_NSSupportsLiveActivities = YES;
				INFOPLIST_KEY_UIApplicationSceneManifest_Generation = YES;
				INFOPLIST_KEY_UIApplicationSupportsIndirectInputEvents = YES;
				INFOPLIST_KEY_UILaunchScreen_Generation = YES;
				INFOPLIST_KEY_UISupportedInterfaceOrientations_iPad = "UIInterfaceOrientationPortrait UIInterfaceOrientationPortraitUpsideDown UIInterfaceOrientationLandscapeLeft UIInterfaceOrientationLandscapeRight";
				INFOPLIST_KEY_UISupportedInterfaceOrientations_iPhone = "UIInterfaceOrientationPortrait UIInterfaceOrientationLandscapeLeft UIInterfaceOrientationLandscapeRight";
				LD_RUNPATH_SEARCH_PATHS = (
					"$(inherited)",
					"@executable_path/Frameworks",
				);
				MARKETING_VERSION = 1.0;
				PRODUCT_BUNDLE_IDENTIFIER = com.asadbek.DynamicIslandDemoProject;
				PRODUCT_NAME = "$(TARGET_NAME)";
				SWIFT_EMIT_LOC_STRINGS = YES;
				SWIFT_VERSION = 5.0;
				TARGETED_DEVICE_FAMILY = "1,2";
			};
			name = Release;
		};
		42F552BC2B7B36FB00088E6A /* Debug */ = {
			isa = XCBuildConfiguration;
			buildSettings = {
				ASSETCATALOG_COMPILER_GLOBAL_ACCENT_COLOR_NAME = AccentColor;
				ASSETCATALOG_COMPILER_WIDGET_BACKGROUND_COLOR_NAME = WidgetBackground;
				CODE_SIGN_STYLE = Automatic;
				CURRENT_PROJECT_VERSION = 1;
				DEVELOPMENT_TEAM = FTL4TL2Q7Y;
				GENERATE_INFOPLIST_FILE = YES;
				INFOPLIST_FILE = FoodDeliveryActivityWidget/Info.plist;
				INFOPLIST_KEY_CFBundleDisplayName = FoodDeliveryActivityWidget;
				INFOPLIST_KEY_NSHumanReadableCopyright = "";
				LD_RUNPATH_SEARCH_PATHS = (
					"$(inherited)",
					"@executable_path/Frameworks",
					"@executable_path/../../Frameworks",
				);
				MARKETING_VERSION = 1.0;
				PRODUCT_BUNDLE_IDENTIFIER = com.asadbek.DynamicIslandDemoProject.FoodDeliveryActivityWidget;
				PRODUCT_NAME = "$(TARGET_NAME)";
				SKIP_INSTALL = YES;
				SWIFT_EMIT_LOC_STRINGS = YES;
				SWIFT_VERSION = 5.0;
				TARGETED_DEVICE_FAMILY = "1,2";
			};
			name = Debug;
		};
		42F552BD2B7B36FB00088E6A /* Release */ = {
			isa = XCBuildConfiguration;
			buildSettings = {
				ASSETCATALOG_COMPILER_GLOBAL_ACCENT_COLOR_NAME = AccentColor;
				ASSETCATALOG_COMPILER_WIDGET_BACKGROUND_COLOR_NAME = WidgetBackground;
				CODE_SIGN_STYLE = Automatic;
				CURRENT_PROJECT_VERSION = 1;
				DEVELOPMENT_TEAM = FTL4TL2Q7Y;
				GENERATE_INFOPLIST_FILE = YES;
				INFOPLIST_FILE = FoodDeliveryActivityWidget/Info.plist;
				INFOPLIST_KEY_CFBundleDisplayName = FoodDeliveryActivityWidget;
				INFOPLIST_KEY_NSHumanReadableCopyright = "";
				LD_RUNPATH_SEARCH_PATHS = (
					"$(inherited)",
					"@executable_path/Frameworks",
					"@executable_path/../../Frameworks",
				);
				MARKETING_VERSION = 1.0;
				PRODUCT_BUNDLE_IDENTIFIER = com.asadbek.DynamicIslandDemoProject.FoodDeliveryActivityWidget;
				PRODUCT_NAME = "$(TARGET_NAME)";
				SKIP_INSTALL = YES;
				SWIFT_EMIT_LOC_STRINGS = YES;
				SWIFT_VERSION = 5.0;
				TARGETED_DEVICE_FAMILY = "1,2";
			};
			name = Release;
		};
/* End XCBuildConfiguration section */

/* Begin XCConfigurationList section */
		423EBEF32B7A36F0000CFA3B /* Build configuration list for PBXProject "DynamicIslandDemoProject" */ = {
			isa = XCConfigurationList;
			buildConfigurations = (
				423EBF042B7A36F2000CFA3B /* Debug */,
				423EBF052B7A36F2000CFA3B /* Release */,
			);
			defaultConfigurationIsVisible = 0;
			defaultConfigurationName = Release;
		};
		423EBF062B7A36F2000CFA3B /* Build configuration list for PBXNativeTarget "DynamicIslandDemoProject" */ = {
			isa = XCConfigurationList;
			buildConfigurations = (
				423EBF072B7A36F2000CFA3B /* Debug */,
				423EBF082B7A36F2000CFA3B /* Release */,
			);
			defaultConfigurationIsVisible = 0;
			defaultConfigurationName = Release;
		};
		42F552BE2B7B36FB00088E6A /* Build configuration list for PBXNativeTarget "FoodDeliveryActivityWidgetExtension" */ = {
			isa = XCConfigurationList;
			buildConfigurations = (
				42F552BC2B7B36FB00088E6A /* Debug */,
				42F552BD2B7B36FB00088E6A /* Release */,
			);
			defaultConfigurationIsVisible = 0;
			defaultConfigurationName = Release;
		};
/* End XCConfigurationList section */
	};
	rootObject = 423EBEF02B7A36F0000CFA3B /* Project object */;
}
